
Microsoft Visual Studio Solution File, Format Version 12.00
# Visual Studio Version 17
VisualStudioVersion = 17.8.34525.116
MinimumVisualStudioVersion = 10.0.40219.1
Project("{9A19103F-16F7-4668-BE54-9A1E7A4F7556}") = "TodoApi", "TodoApi\TodoApi.csproj", "{84CA1A6F-835E-4CCD-B9AA-F92115BC8CBD}"
EndProject
Project("{FAE04EC0-301F-11D3-BF4B-00C04F79EFBC}") = "MinimalApiStructure", "MinimalApiStructure\MinimalApiStructure.csproj", "{14834E18-C142-4EA3-BF44-F841E4CF00FE}"
EndProject
Global
	GlobalSection(SolutionConfigurationPlatforms) = preSolution
		Debug|Any CPU = Debug|Any CPU
		Release|Any CPU = Release|Any CPU
	EndGlobalSection
	GlobalSection(ProjectConfigurationPlatforms) = postSolution
		{84CA1A6F-835E-4CCD-B9AA-F92115BC8CBD}.Debug|Any CPU.ActiveCfg = Debug|Any CPU
		{84CA1A6F-835E-4CCD-B9AA-F92115BC8CBD}.Debug|Any CPU.Build.0 = Debug|Any CPU
		{84CA1A6F-835E-4CCD-B9AA-F92115BC8CBD}.Release|Any CPU.ActiveCfg = Release|Any CPU
		{84CA1A6F-835E-4CCD-B9AA-F92115BC8CBD}.Release|Any CPU.Build.0 = Release|Any CPU
		{14834E18-C142-4EA3-BF44-F841E4CF00FE}.Debug|Any CPU.ActiveCfg = Debug|Any CPU
		{14834E18-C142-4EA3-BF44-F841E4CF00FE}.Debug|Any CPU.Build.0 = Debug|Any CPU
		{14834E18-C142-4EA3-BF44-F841E4CF00FE}.Release|Any CPU.ActiveCfg = Release|Any CPU
		{14834E18-C142-4EA3-BF44-F841E4CF00FE}.Release|Any CPU.Build.0 = Release|Any CPU
	EndGlobalSection
	GlobalSection(SolutionProperties) = preSolution
		HideSolutionNode = FALSE
	EndGlobalSection
	GlobalSection(ExtensibilityGlobals) = postSolution
		SolutionGuid = {39293AF9-E8BF-47BC-9670-9A92529B2E8E}
	EndGlobalSection
EndGlobal
